schema: '2.0'
stages:
  load_data:
    cmd: python src/load_data.py --config=params.yaml
    deps:
    - path: data_given/winequality.csv
      md5: ccc8d3507eb151f53f760d36abdef888
      size: 91998
    - path: src/get_data.py
      md5: 98e2459270664b7c893b4b978cb16750
      size: 697
    - path: src/load_data.py
      md5: 3181c27a05180baa0cf2d88606f98ee7
      size: 643
    outs:
    - path: data/raw/winequality.csv
      md5: d98e8f2eca228c11c4de1cc96866a54d
      size: 93598
  split_data:
    cmd: python src/split_data.py --config=params.yaml
    deps:
    - path: data/raw/winequality.csv
      md5: d98e8f2eca228c11c4de1cc96866a54d
      size: 93598
    - path: src/split_data.py
      md5: 77eda0e1b2d55ca07c8ac16275cbf6bc
      size: 995
    outs:
    - path: data/processed/test_winequality.csv
      md5: 61c8795e355c18440d7bbaae25c0a4fb
      size: 20213
    - path: data/processed/train_winequality.csv
      md5: f2aa3bd0c97468b7110f957a1ed59f54
      size: 80418
  train_and_evaluate:
    cmd: python src/train_and_evaluate.py --config=params.yaml
    deps:
    - path: data/processed/test_winequality.csv
      md5: 61c8795e355c18440d7bbaae25c0a4fb
      size: 20213
    - path: data/processed/train_winequality.csv
      md5: f2aa3bd0c97468b7110f957a1ed59f54
      size: 80418
    - path: src/train_and_evaluate.py
      md5: c19bf1fc8d2b5b9c1a3cac3289989a05
      size: 2355
    params:
      params.yaml:
        estimators.ElasticNet.parms.alpha: 0.88
        estimators.ElasticNet.parms.l1_ratio: 0.89
    outs:
    - path: report/parms.json
      md5: 0568f34313ba7c5e55128b75dbcbee5c
      size: 46
    - path: report/scores.json
      md5: d21de4d856302ded6177563da953d4f9
      size: 101
    - path: saved_models/model.joblib
      md5: 0f14640e96a13707770898da1780cad0
      size: 806
