schema: '2.0'
stages:
  load_data:
    cmd: python src/load_data.py --config=parms.yaml
    deps:
    - path: data_given/winequality.csv
      md5: ccc8d3507eb151f53f760d36abdef888
      size: 91998
    - path: src/get_data.py
      md5: 4623cb52a5eb96cf2daa739be6f59d65
      size: 696
    - path: src/load_data.py
      md5: 4e1ee49bb4eee4399a67a188e92b64e1
      size: 642
    outs:
    - path: data/raw/winequality.csv
      md5: d98e8f2eca228c11c4de1cc96866a54d
      size: 93598
